// !$*UTF8*$!
{
	archiveVersion = 1;
	classes = {
	};
	objectVersion = 50;
	objects = {

/* Begin PBXBuildFile section */
		6379BA5A276B780500B38D30 /* Tests_iOS.swift in Sources */ = {isa = PBXBuildFile; fileRef = 6379BA59276B780500B38D30 /* Tests_iOS.swift */; };
		6379BA65276B780500B38D30 /* Tests_macOS.swift in Sources */ = {isa = PBXBuildFile; fileRef = 6379BA64276B780500B38D30 /* Tests_macOS.swift */; };
		6379BA67276B780500B38D30 /* SomeApp.swift in Sources */ = {isa = PBXBuildFile; fileRef = 6379BA3E276B780300B38D30 /* SomeApp.swift */; };
		6379BA68276B780500B38D30 /* SomeApp.swift in Sources */ = {isa = PBXBuildFile; fileRef = 6379BA3E276B780300B38D30 /* SomeApp.swift */; };
		6379BA69276B780500B38D30 /* ContentView.swift in Sources */ = {isa = PBXBuildFile; fileRef = 6379BA3F276B780300B38D30 /* ContentView.swift */; };
		6379BA6A276B780500B38D30 /* ContentView.swift in Sources */ = {isa = PBXBuildFile; fileRef = 6379BA3F276B780300B38D30 /* ContentView.swift */; };
		6379BA6B276B780500B38D30 /* Assets.xcassets in Resources */ = {isa = PBXBuildFile; fileRef = 6379BA40276B780500B38D30 /* Assets.xcassets */; };
		6379BA6C276B780500B38D30 /* Assets.xcassets in Resources */ = {isa = PBXBuildFile; fileRef = 6379BA40276B780500B38D30 /* Assets.xcassets */; };
/* End PBXBuildFile section */

/* Begin PBXContainerItemProxy section */
		6379BA56276B780500B38D30 /* PBXContainerItemProxy */ = {
			isa = PBXContainerItemProxy;
			containerPortal = 6379BA39276B780300B38D30 /* Project object */;
			proxyType = 1;
			remoteGlobalIDString = 6379BA44276B780500B38D30;
			remoteInfo = "Some (iOS)";
		};
		6379BA61276B780500B38D30 /* PBXContainerItemProxy */ = {
			isa = PBXContainerItemProxy;
			containerPortal = 6379BA39276B780300B38D30 /* Project object */;
			proxyType = 1;
			remoteGlobalIDString = 6379BA4C276B780500B38D30;
			remoteInfo = "Some (macOS)";
		};
/* End PBXContainerItemProxy section */

/* Begin PBXFileReference section */
		6379BA3E276B780300B38D30 /* SomeApp.swift */ = {isa = PBXFileReference; lastKnownFileType = sourcecode.swift; path = SomeApp.swift; sourceTree = "<group>"; };
		6379BA3F276B780300B38D30 /* ContentView.swift */ = {isa = PBXFileReference; lastKnownFileType = sourcecode.swift; path = ContentView.swift; sourceTree = "<group>"; };
		6379BA40276B780500B38D30 /* Assets.xcassets */ = {isa = PBXFileReference; lastKnownFileType = folder.assetcatalog; path = Assets.xcassets; sourceTree = "<group>"; };
		6379BA45276B780500B38D30 /* Some.app */ = {isa = PBXFileReference; explicitFileType = wrapper.application; includeInIndex = 0; path = Some.app; sourceTree = BUILT_PRODUCTS_DIR; };
		6379BA48276B780500B38D30 /* Info.plist */ = {isa = PBXFileReference; lastKnownFileType = text.plist.xml; path = Info.plist; sourceTree = "<group>"; };
		6379BA4D276B780500B38D30 /* Some.app */ = {isa = PBXFileReference; explicitFileType = wrapper.application; includeInIndex = 0; path = Some.app; sourceTree = BUILT_PRODUCTS_DIR; };
		6379BA4F276B780500B38D30 /* Info.plist */ = {isa = PBXFileReference; lastKnownFileType = text.plist.xml; path = Info.plist; sourceTree = "<group>"; };
		6379BA50276B780500B38D30 /* macOS.entitlements */ = {isa = PBXFileReference; lastKnownFileType = text.plist.entitlements; path = macOS.entitlements; sourceTree = "<group>"; };
		6379BA55276B780500B38D30 /* Tests iOS.xctest */ = {isa = PBXFileReference; explicitFileType = wrapper.cfbundle; includeInIndex = 0; path = "Tests iOS.xctest"; sourceTree = BUILT_PRODUCTS_DIR; };
		6379BA59276B780500B38D30 /* Tests_iOS.swift */ = {isa = PBXFileReference; lastKnownFileType = sourcecode.swift; path = Tests_iOS.swift; sourceTree = "<group>"; };
		6379BA5B276B780500B38D30 /* Info.plist */ = {isa = PBXFileReference; lastKnownFileType = text.plist.xml; path = Info.plist; sourceTree = "<group>"; };
		6379BA60276B780500B38D30 /* Tests macOS.xctest */ = {isa = PBXFileReference; explicitFileType = wrapper.cfbundle; includeInIndex = 0; path = "Tests macOS.xctest"; sourceTree = BUILT_PRODUCTS_DIR; };
		6379BA64276B780500B38D30 /* Tests_macOS.swift */ = {isa = PBXFileReference; lastKnownFileType = sourcecode.swift; path = Tests_macOS.swift; sourceTree = "<group>"; };
		6379BA66276B780500B38D30 /* Info.plist */ = {isa = PBXFileReference; lastKnownFileType = text.plist.xml; path = Info.plist; sourceTree = "<group>"; };
/* End PBXFileReference section */

/* Begin PBXFrameworksBuildPhase section */
		6379BA42276B780500B38D30 /* Frameworks */ = {
			isa = PBXFrameworksBuildPhase;
			buildActionMask = 2147483647;
			files = (
			);
			runOnlyForDeploymentPostprocessing = 0;
		};
		6379BA4A276B780500B38D30 /* Frameworks */ = {
			isa = PBXFrameworksBuildPhase;
			buildActionMask = 2147483647;
			files = (
			);
			runOnlyForDeploymentPostprocessing = 0;
		};
		6379BA52276B780500B38D30 /* Frameworks */ = {
			isa = PBXFrameworksBuildPhase;
			buildActionMask = 2147483647;
			files = (
			);
			runOnlyForDeploymentPostprocessing = 0;
		};
		6379BA5D276B780500B38D30 /* Frameworks */ = {
			isa = PBXFrameworksBuildPhase;
			buildActionMask = 2147483647;
			files = (
			);
			runOnlyForDeploymentPostprocessing = 0;
		};
/* End PBXFrameworksBuildPhase section */

/* Begin PBXGroup section */
		6379BA38276B780300B38D30 = {
			isa = PBXGroup;
			children = (
				6379BA3D276B780300B38D30 /* Shared */,
				6379BA47276B780500B38D30 /* iOS */,
				6379BA4E276B780500B38D30 /* macOS */,
				6379BA58276B780500B38D30 /* Tests iOS */,
				6379BA63276B780500B38D30 /* Tests macOS */,
				6379BA46276B780500B38D30 /* Products */,
			);
			sourceTree = "<group>";
		};
		6379BA3D276B780300B38D30 /* Shared */ = {
			isa = PBXGroup;
			children = (
				6379BA3E276B780300B38D30 /* SomeApp.swift */,
				6379BA3F276B780300B38D30 /* ContentView.swift */,
				6379BA40276B780500B38D30 /* Assets.xcassets */,
			);
			path = Shared;
			sourceTree = "<group>";
		};
		6379BA46276B780500B38D30 /* Products */ = {
			isa = PBXGroup;
			children = (
				6379BA45276B780500B38D30 /* Some.app */,
				6379BA4D276B780500B38D30 /* Some.app */,
				6379BA55276B780500B38D30 /* Tests iOS.xctest */,
				6379BA60276B780500B38D30 /* Tests macOS.xctest */,
			);
			name = Products;
			sourceTree = "<group>";
		};
		6379BA47276B780500B38D30 /* iOS */ = {
			isa = PBXGroup;
			children = (
				6379BA48276B780500B38D30 /* Info.plist */,
			);
			path = iOS;
			sourceTree = "<group>";
		};
		6379BA4E276B780500B38D30 /* macOS */ = {
			isa = PBXGroup;
			children = (
				6379BA4F276B780500B38D30 /* Info.plist */,
				6379BA50276B780500B38D30 /* macOS.entitlements */,
			);
			path = macOS;
			sourceTree = "<group>";
		};
		6379BA58276B780500B38D30 /* Tests iOS */ = {
			isa = PBXGroup;
			children = (
				6379BA59276B780500B38D30 /* Tests_iOS.swift */,
				6379BA5B276B780500B38D30 /* Info.plist */,
			);
			path = "Tests iOS";
			sourceTree = "<group>";
		};
		6379BA63276B780500B38D30 /* Tests macOS */ = {
			isa = PBXGroup;
			children = (
				6379BA64276B780500B38D30 /* Tests_macOS.swift */,
				6379BA66276B780500B38D30 /* Info.plist */,
			);
			path = "Tests macOS";
			sourceTree = "<group>";
		};
/* End PBXGroup section */

/* Begin PBXNativeTarget section */
		6379BA44276B780500B38D30 /* Some (iOS) */ = {
			isa = PBXNativeTarget;
			buildConfigurationList = 6379BA6F276B780500B38D30 /* Build configuration list for PBXNativeTarget "Some (iOS)" */;
			buildPhases = (
				6379BA41276B780500B38D30 /* Sources */,
				6379BA42276B780500B38D30 /* Frameworks */,
				6379BA43276B780500B38D30 /* Resources */,
			);
			buildRules = (
			);
			dependencies = (
			);
			name = "Some (iOS)";
			productName = "Some (iOS)";
			productReference = 6379BA45276B780500B38D30 /* Some.app */;
			productType = "com.apple.product-type.application";
		};
		6379BA4C276B780500B38D30 /* Some (macOS) */ = {
			isa = PBXNativeTarget;
			buildConfigurationList = 6379BA72276B780500B38D30 /* Build configuration list for PBXNativeTarget "Some (macOS)" */;
			buildPhases = (
				6379BA49276B780500B38D30 /* Sources */,
				6379BA4A276B780500B38D30 /* Frameworks */,
				6379BA4B276B780500B38D30 /* Resources */,
			);
			buildRules = (
			);
			dependencies = (
			);
			name = "Some (macOS)";
			productName = "Some (macOS)";
			productReference = 6379BA4D276B780500B38D30 /* Some.app */;
			productType = "com.apple.product-type.application";
		};
		6379BA54276B780500B38D30 /* Tests iOS */ = {
			isa = PBXNativeTarget;
			buildConfigurationList = 6379BA75276B780500B38D30 /* Build configuration list for PBXNativeTarget "Tests iOS" */;
			buildPhases = (
				6379BA51276B780500B38D30 /* Sources */,
				6379BA52276B780500B38D30 /* Frameworks */,
				6379BA53276B780500B38D30 /* Resources */,
			);
			buildRules = (
			);
			dependencies = (
				6379BA57276B780500B38D30 /* PBXTargetDependency */,
			);
			name = "Tests iOS";
			productName = "Tests iOS";
			productReference = 6379BA55276B780500B38D30 /* Tests iOS.xctest */;
			productType = "com.apple.product-type.bundle.ui-testing";
		};
		6379BA5F276B780500B38D30 /* Tests macOS */ = {
			isa = PBXNativeTarget;
			buildConfigurationList = 6379BA78276B780500B38D30 /* Build configuration list for PBXNativeTarget "Tests macOS" */;
			buildPhases = (
				6379BA5C276B780500B38D30 /* Sources */,
				6379BA5D276B780500B38D30 /* Frameworks */,
				6379BA5E276B780500B38D30 /* Resources */,
			);
			buildRules = (
			);
			dependencies = (
				6379BA62276B780500B38D30 /* PBXTargetDependency */,
			);
			name = "Tests macOS";
			productName = "Tests macOS";
			productReference = 6379BA60276B780500B38D30 /* Tests macOS.xctest */;
			productType = "com.apple.product-type.bundle.ui-testing";
		};
/* End PBXNativeTarget section */

/* Begin PBXProject section */
		6379BA39276B780300B38D30 /* Project object */ = {
			isa = PBXProject;
			attributes = {
				LastSwiftUpdateCheck = 1250;
				LastUpgradeCheck = 1250;
				TargetAttributes = {
					6379BA44276B780500B38D30 = {
						CreatedOnToolsVersion = 12.5.1;
					};
					6379BA4C276B780500B38D30 = {
						CreatedOnToolsVersion = 12.5.1;
					};
					6379BA54276B780500B38D30 = {
						CreatedOnToolsVersion = 12.5.1;
						TestTargetID = 6379BA44276B780500B38D30;
					};
					6379BA5F276B780500B38D30 = {
						CreatedOnToolsVersion = 12.5.1;
						TestTargetID = 6379BA4C276B780500B38D30;
					};
				};
			};
			buildConfigurationList = 6379BA3C276B780300B38D30 /* Build configuration list for PBXProject "Some" */;
			compatibilityVersion = "Xcode 9.3";
			developmentRegion = en;
			hasScannedForEncodings = 0;
			knownRegions = (
				en,
				Base,
			);
			mainGroup = 6379BA38276B780300B38D30;
			productRefGroup = 6379BA46276B780500B38D30 /* Products */;
			projectDirPath = "";
			projectRoot = "";
			targets = (
				6379BA44276B780500B38D30 /* Some (iOS) */,
				6379BA4C276B780500B38D30 /* Some (macOS) */,
				6379BA54276B780500B38D30 /* Tests iOS */,
				6379BA5F276B780500B38D30 /* Tests macOS */,
			);
		};
/* End PBXProject section */

/* Begin PBXResourcesBuildPhase section */
		6379BA43276B780500B38D30 /* Resources */ = {
			isa = PBXResourcesBuildPhase;
			buildActionMask = 2147483647;
			files = (
				6379BA6B276B780500B38D30 /* Assets.xcassets in Resources */,
			);
			runOnlyForDeploymentPostprocessing = 0;
		};
		6379BA4B276B780500B38D30 /* Resources */ = {
			isa = PBXResourcesBuildPhase;
			buildActionMask = 2147483647;
			files = (
				6379BA6C276B780500B38D30 /* Assets.xcassets in Resources */,
			);
			runOnlyForDeploymentPostprocessing = 0;
		};
		6379BA53276B780500B38D30 /* Resources */ = {
			isa = PBXResourcesBuildPhase;
			buildActionMask = 2147483647;
			files = (
			);
			runOnlyForDeploymentPostprocessing = 0;
		};
		6379BA5E276B780500B38D30 /* Resources */ = {
			isa = PBXResourcesBuildPhase;
			buildActionMask = 2147483647;
			files = (
			);
			runOnlyForDeploymentPostprocessing = 0;
		};
/* End PBXResourcesBuildPhase section */

/* Begin PBXSourcesBuildPhase section */
		6379BA41276B780500B38D30 /* Sources */ = {
			isa = PBXSourcesBuildPhase;
			buildActionMask = 2147483647;
			files = (
				6379BA69276B780500B38D30 /* ContentView.swift in Sources */,
				6379BA67276B780500B38D30 /* SomeApp.swift in Sources */,
			);
			runOnlyForDeploymentPostprocessing = 0;
		};
		6379BA49276B780500B38D30 /* Sources */ = {
			isa = PBXSourcesBuildPhase;
			buildActionMask = 2147483647;
			files = (
				6379BA6A276B780500B38D30 /* ContentView.swift in Sources */,
				6379BA68276B780500B38D30 /* SomeApp.swift in Sources */,
			);
			runOnlyForDeploymentPostprocessing = 0;
		};
		6379BA51276B780500B38D30 /* Sources */ = {
			isa = PBXSourcesBuildPhase;
			buildActionMask = 2147483647;
			files = (
				6379BA5A276B780500B38D30 /* Tests_iOS.swift in Sources */,
			);
			runOnlyForDeploymentPostprocessing = 0;
		};
		6379BA5C276B780500B38D30 /* Sources */ = {
			isa = PBXSourcesBuildPhase;
			buildActionMask = 2147483647;
			files = (
				6379BA65276B780500B38D30 /* Tests_macOS.swift in Sources */,
			);
			runOnlyForDeploymentPostprocessing = 0;
		};
/* End PBXSourcesBuildPhase section */

/* Begin PBXTargetDependency section */
		6379BA57276B780500B38D30 /* PBXTargetDependency */ = {
			isa = PBXTargetDependency;
			target = 6379BA44276B780500B38D30 /* Some (iOS) */;
			targetProxy = 6379BA56276B780500B38D30 /* PBXContainerItemProxy */;
		};
		6379BA62276B780500B38D30 /* PBXTargetDependency */ = {
			isa = PBXTargetDependency;
			target = 6379BA4C276B780500B38D30 /* Some (macOS) */;
			targetProxy = 6379BA61276B780500B38D30 /* PBXContainerItemProxy */;
		};
/* End PBXTargetDependency section */

/* Begin XCBuildConfiguration section */
		6379BA6D276B780500B38D30 /* Debug */ = {
			isa = XCBuildConfiguration;
			buildSettings = {
				ALWAYS_SEARCH_USER_PATHS = NO;
				CLANG_ANALYZER_NONNULL = YES;
				CLANG_ANALYZER_NUMBER_OBJECT_CONVERSION = YES_AGGRESSIVE;
				CLANG_CXX_LANGUAGE_STANDARD = "gnu++14";
				CLANG_CXX_LIBRARY = "libc++";
				CLANG_ENABLE_MODULES = YES;
				CLANG_ENABLE_OBJC_ARC = YES;
				CLANG_ENABLE_OBJC_WEAK = YES;
				CLANG_WARN_BLOCK_CAPTURE_AUTORELEASING = YES;
				CLANG_WARN_BOOL_CONVERSION = YES;
				CLANG_WARN_COMMA = YES;
				CLANG_WARN_CONSTANT_CONVERSION = YES;
				CLANG_WARN_DEPRECATED_OBJC_IMPLEMENTATIONS = YES;
				CLANG_WARN_DIRECT_OBJC_ISA_USAGE = YES_ERROR;
				CLANG_WARN_DOCUMENTATION_COMMENTS = YES;
				CLANG_WARN_EMPTY_BODY = YES;
				CLANG_WARN_ENUM_CONVERSION = YES;
				CLANG_WARN_INFINITE_RECURSION = YES;
				CLANG_WARN_INT_CONVERSION = YES;
				CLANG_WARN_NON_LITERAL_NULL_CONVERSION = YES;
				CLANG_WARN_OBJC_IMPLICIT_RETAIN_SELF = YES;
				CLANG_WARN_OBJC_LITERAL_CONVERSION = YES;
				CLANG_WARN_OBJC_ROOT_CLASS = YES_ERROR;
				CLANG_WARN_QUOTED_INCLUDE_IN_FRAMEWORK_HEADER = YES;
				CLANG_WARN_RANGE_LOOP_ANALYSIS = YES;
				CLANG_WARN_STRICT_PROTOTYPES = YES;
				CLANG_WARN_SUSPICIOUS_MOVE = YES;
				CLANG_WARN_UNGUARDED_AVAILABILITY = YES_AGGRESSIVE;
				CLANG_WARN_UNREACHABLE_CODE = YES;
				CLANG_WARN__DUPLICATE_METHOD_MATCH = YES;
				COPY_PHASE_STRIP = NO;
				DEBUG_INFORMATION_FORMAT = dwarf;
				ENABLE_STRICT_OBJC_MSGSEND = YES;
				ENABLE_TESTABILITY = YES;
				GCC_C_LANGUAGE_STANDARD = gnu11;
				GCC_DYNAMIC_NO_PIC = NO;
				GCC_NO_COMMON_BLOCKS = YES;
				GCC_OPTIMIZATION_LEVEL = 0;
				GCC_PREPROCESSOR_DEFINITIONS = (
					"DEBUG=1",
					"$(inherited)",
				);
				GCC_WARN_64_TO_32_BIT_CONVERSION = YES;
				GCC_WARN_ABOUT_RETURN_TYPE = YES_ERROR;
				GCC_WARN_UNDECLARED_SELECTOR = YES;
				GCC_WARN_UNINITIALIZED_AUTOS = YES_AGGRESSIVE;
				GCC_WARN_UNUSED_FUNCTION = YES;
				GCC_WARN_UNUSED_VARIABLE = YES;
				MTL_ENABLE_DEBUG_INFO = INCLUDE_SOURCE;
				MTL_FAST_MATH = YES;
				ONLY_ACTIVE_ARCH = YES;
				SWIFT_ACTIVE_COMPILATION_CONDITIONS = DEBUG;
				SWIFT_OPTIMIZATION_LEVEL = "-Onone";
			};
			name = Debug;
		};
		6379BA6E276B780500B38D30 /* Release */ = {
			isa = XCBuildConfiguration;
			buildSettings = {
				ALWAYS_SEARCH_USER_PATHS = NO;
				CLANG_ANALYZER_NONNULL = YES;
				CLANG_ANALYZER_NUMBER_OBJECT_CONVERSION = YES_AGGRESSIVE;
				CLANG_CXX_LANGUAGE_STANDARD = "gnu++14";
				CLANG_CXX_LIBRARY = "libc++";
				CLANG_ENABLE_MODULES = YES;
				CLANG_ENABLE_OBJC_ARC = YES;
				CLANG_ENABLE_OBJC_WEAK = YES;
				CLANG_WARN_BLOCK_CAPTURE_AUTORELEASING = YES;
				CLANG_WARN_BOOL_CONVERSION = YES;
				CLANG_WARN_COMMA = YES;
				CLANG_WARN_CONSTANT_CONVERSION = YES;
				CLANG_WARN_DEPRECATED_OBJC_IMPLEMENTATIONS = YES;
				CLANG_WARN_DIRECT_OBJC_ISA_USAGE = YES_ERROR;
				CLANG_WARN_DOCUMENTATION_COMMENTS = YES;
				CLANG_WARN_EMPTY_BODY = YES;
				CLANG_WARN_ENUM_CONVERSION = YES;
				CLANG_WARN_INFINITE_RECURSION = YES;
				CLANG_WARN_INT_CONVERSION = YES;
				CLANG_WARN_NON_LITERAL_NULL_CONVERSION = YES;
				CLANG_WARN_OBJC_IMPLICIT_RETAIN_SELF = YES;
				CLANG_WARN_OBJC_LITERAL_CONVERSION = YES;
				CLANG_WARN_OBJC_ROOT_CLASS = YES_ERROR;
				CLANG_WARN_QUOTED_INCLUDE_IN_FRAMEWORK_HEADER = YES;
				CLANG_WARN_RANGE_LOOP_ANALYSIS = YES;
				CLANG_WARN_STRICT_PROTOTYPES = YES;
				CLANG_WARN_SUSPICIOUS_MOVE = YES;
				CLANG_WARN_UNGUARDED_AVAILABILITY = YES_AGGRESSIVE;
				CLANG_WARN_UNREACHABLE_CODE = YES;
				CLANG_WARN__DUPLICATE_METHOD_MATCH = YES;
				COPY_PHASE_STRIP = NO;
				DEBUG_INFORMATION_FORMAT = "dwarf-with-dsym";
				ENABLE_NS_ASSERTIONS = NO;
				ENABLE_STRICT_OBJC_MSGSEND = YES;
				GCC_C_LANGUAGE_STANDARD = gnu11;
				GCC_NO_COMMON_BLOCKS = YES;
				GCC_WARN_64_TO_32_BIT_CONVERSION = YES;
				GCC_WARN_ABOUT_RETURN_TYPE = YES_ERROR;
				GCC_WARN_UNDECLARED_SELECTOR = YES;
				GCC_WARN_UNINITIALIZED_AUTOS = YES_AGGRESSIVE;
				GCC_WARN_UNUSED_FUNCTION = YES;
				GCC_WARN_UNUSED_VARIABLE = YES;
				MTL_ENABLE_DEBUG_INFO = NO;
				MTL_FAST_MATH = YES;
				SWIFT_COMPILATION_MODE = wholemodule;
				SWIFT_OPTIMIZATION_LEVEL = "-O";
			};
			name = Release;
		};
		6379BA70276B780500B38D30 /* Debug */ = {
			isa = XCBuildConfiguration;
			buildSettings = {
				ASSETCATALOG_COMPILER_APPICON_NAME = AppIcon;
				ASSETCATALOG_COMPILER_GLOBAL_ACCENT_COLOR_NAME = AccentColor;
				CODE_SIGN_STYLE = Automatic;
				ENABLE_PREVIEWS = YES;
				INFOPLIST_FILE = iOS/Info.plist;
				IPHONEOS_DEPLOYMENT_TARGET = 14.0;
				LD_RUNPATH_SEARCH_PATHS = (
					"$(inherited)",
					"@executable_path/Frameworks",
				);
				PRODUCT_BUNDLE_IDENTIFIER = com.app.Some;
				PRODUCT_NAME = Some;
				SDKROOT = iphoneos;
				SWIFT_VERSION = 5.0;
				TARGETED_DEVICE_FAMILY = "1,2";
			};
			name = Debug;
		};
		6379BA71276B780500B38D30 /* Release */ = {
			isa = XCBuildConfiguration;
			buildSettings = {
				ASSETCATALOG_COMPILER_APPICON_NAME = AppIcon;
				ASSETCATALOG_COMPILER_GLOBAL_ACCENT_COLOR_NAME = AccentColor;
				CODE_SIGN_STYLE = Automatic;
				ENABLE_PREVIEWS = YES;
				INFOPLIST_FILE = iOS/Info.plist;
				IPHONEOS_DEPLOYMENT_TARGET = 14.0;
				LD_RUNPATH_SEARCH_PATHS = (
					"$(inherited)",
					"@executable_path/Frameworks",
				);
				PRODUCT_BUNDLE_IDENTIFIER = com.app.Some;
				PRODUCT_NAME = Some;
				SDKROOT = iphoneos;
				SWIFT_VERSION = 5.0;
				TARGETED_DEVICE_FAMILY = "1,2";
				VALIDATE_PRODUCT = YES;
			};
			name = Release;
		};
		6379BA73276B780500B38D30 /* Debug */ = {
			isa = XCBuildConfiguration;
			buildSettings = {
				ASSETCATALOG_COMPILER_APPICON_NAME = AppIcon;
				ASSETCATALOG_COMPILER_GLOBAL_ACCENT_COLOR_NAME = AccentColor;
				CODE_SIGN_ENTITLEMENTS = macOS/macOS.entitlements;
				CODE_SIGN_STYLE = Automatic;
				COMBINE_HIDPI_IMAGES = YES;
				ENABLE_PREVIEWS = YES;
				INFOPLIST_FILE = macOS/Info.plist;
				LD_RUNPATH_SEARCH_PATHS = (
					"$(inherited)",
					"@executable_path/../Frameworks",
				);
				MACOSX_DEPLOYMENT_TARGET = 11.0;
				PRODUCT_BUNDLE_IDENTIFIER = com.app.Some;
				PRODUCT_NAME = Some;
				SDKROOT = macosx;
				SWIFT_VERSION = 5.0;
			};
			name = Debug;
		};
		6379BA74276B780500B38D30 /* Release */ = {
			isa = XCBuildConfiguration;
			buildSettings = {
				ASSETCATALOG_COMPILER_APPICON_NAME = AppIcon;
				ASSETCATALOG_COMPILER_GLOBAL_ACCENT_COLOR_NAME = AccentColor;
				CODE_SIGN_ENTITLEMENTS = macOS/macOS.entitlements;
				CODE_SIGN_STYLE = Automatic;
				COMBINE_HIDPI_IMAGES = YES;
				ENABLE_PREVIEWS = YES;
				INFOPLIST_FILE = macOS/Info.plist;
				LD_RUNPATH_SEARCH_PATHS = (
					"$(inherited)",
					"@executable_path/../Frameworks",
				);
				MACOSX_DEPLOYMENT_TARGET = 11.0;
				PRODUCT_BUNDLE_IDENTIFIER = com.app.Some;
				PRODUCT_NAME = Some;
				SDKROOT = macosx;
				SWIFT_VERSION = 5.0;
			};
			name = Release;
		};
		6379BA76276B780500B38D30 /* Debug */ = {
			isa = XCBuildConfiguration;
			buildSettings = {
				ALWAYS_EMBED_SWIFT_STANDARD_LIBRARIES = YES;
				CODE_SIGN_STYLE = Automatic;
				INFOPLIST_FILE = "Tests iOS/Info.plist";
				IPHONEOS_DEPLOYMENT_TARGET = 14.5;
				LD_RUNPATH_SEARCH_PATHS = (
					"$(inherited)",
					"@executable_path/Frameworks",
					"@loader_path/Frameworks",
				);
				PRODUCT_BUNDLE_IDENTIFIER = "com.app.Tests-iOS";
				PRODUCT_NAME = "$(TARGET_NAME)";
				SDKROOT = iphoneos;
				SWIFT_VERSION = 5.0;
				TARGETED_DEVICE_FAMILY = "1,2";
				TEST_TARGET_NAME = "Some (iOS)";
			};
			name = Debug;
		};
		6379BA77276B780500B38D30 /* Release */ = {
			isa = XCBuildConfiguration;
			buildSettings = {
				ALWAYS_EMBED_SWIFT_STANDARD_LIBRARIES = YES;
				CODE_SIGN_STYLE = Automatic;
				INFOPLIST_FILE = "Tests iOS/Info.plist";
				IPHONEOS_DEPLOYMENT_TARGET = 14.5;
				LD_RUNPATH_SEARCH_PATHS = (
					"$(inherited)",
					"@executable_path/Frameworks",
					"@loader_path/Frameworks",
				);
				PRODUCT_BUNDLE_IDENTIFIER = "com.app.Tests-iOS";
				PRODUCT_NAME = "$(TARGET_NAME)";
				SDKROOT = iphoneos;
				SWIFT_VERSION = 5.0;
				TARGETED_DEVICE_FAMILY = "1,2";
				TEST_TARGET_NAME = "Some (iOS)";
				VALIDATE_PRODUCT = YES;
			};
			name = Release;
		};
		6379BA79276B780500B38D30 /* Debug */ = {
			isa = XCBuildConfiguration;
			buildSettings = {
				ALWAYS_EMBED_SWIFT_STANDARD_LIBRARIES = YES;
				CODE_SIGN_STYLE = Automatic;
				COMBINE_HIDPI_IMAGES = YES;
				INFOPLIST_FILE = "Tests macOS/Info.plist";
				LD_RUNPATH_SEARCH_PATHS = (
					"$(inherited)",
					"@executable_path/../Frameworks",
					"@loader_path/../Frameworks",
				);
				MACOSX_DEPLOYMENT_TARGET = 11.3;
				PRODUCT_BUNDLE_IDENTIFIER = "com.app.Tests-macOS";
				PRODUCT_NAME = "$(TARGET_NAME)";
				SDKROOT = macosx;
				SWIFT_VERSION = 5.0;
				TEST_TARGET_NAME = "Some (macOS)";
			};
			name = Debug;
		};
		6379BA7A276B780500B38D30 /* Release */ = {
			isa = XCBuildConfiguration;
			buildSettings = {
				ALWAYS_EMBED_SWIFT_STANDARD_LIBRARIES = YES;
				CODE_SIGN_STYLE = Automatic;
				COMBINE_HIDPI_IMAGES = YES;
				INFOPLIST_FILE = "Tests macOS/Info.plist";
				LD_RUNPATH_SEARCH_PATHS = (
					"$(inherited)",
					"@executable_path/../Frameworks",
					"@loader_path/../Frameworks",
				);
				MACOSX_DEPLOYMENT_TARGET = 11.3;
				PRODUCT_BUNDLE_IDENTIFIER = "com.app.Tests-macOS";
				PRODUCT_NAME = "$(TARGET_NAME)";
				SDKROOT = macosx;
				SWIFT_VERSION = 5.0;
				TEST_TARGET_NAME = "Some (macOS)";
			};
			name = Release;
		};
/* End XCBuildConfiguration section */

/* Begin XCConfigurationList section */
		6379BA3C276B780300B38D30 /* Build configuration list for PBXProject "Some" */ = {
			isa = XCConfigurationList;
			buildConfigurations = (
				6379BA6D276B780500B38D30 /* Debug */,
				6379BA6E276B780500B38D30 /* Release */,
			);
			defaultConfigurationIsVisible = 0;
			defaultConfigurationName = Release;
		};
		6379BA6F276B780500B38D30 /* Build configuration list for PBXNativeTarget "Some (iOS)" */ = {
			isa = XCConfigurationList;
			buildConfigurations = (
				6379BA70276B780500B38D30 /* Debug */,
				6379BA71276B780500B38D30 /* Release */,
			);
			defaultConfigurationIsVisible = 0;
			defaultConfigurationName = Release;
		};
		6379BA72276B780500B38D30 /* Build configuration list for PBXNativeTarget "Some (macOS)" */ = {
			isa = XCConfigurationList;
			buildConfigurations = (
				6379BA73276B780500B38D30 /* Debug */,
				6379BA74276B780500B38D30 /* Release */,
			);
			defaultConfigurationIsVisible = 0;
			defaultConfigurationName = Release;
		};
		6379BA75276B780500B38D30 /* Build configuration list for PBXNativeTarget "Tests iOS" */ = {
			isa = XCConfigurationList;
			buildConfigurations = (
				6379BA76276B780500B38D30 /* Debug */,
				6379BA77276B780500B38D30 /* Release */,
			);
			defaultConfigurationIsVisible = 0;
			defaultConfigurationName = Release;
		};
		6379BA78276B780500B38D30 /* Build configuration list for PBXNativeTarget "Tests macOS" */ = {
			isa = XCConfigurationList;
			buildConfigurations = (
				6379BA79276B780500B38D30 /* Debug */,
				6379BA7A276B780500B38D30 /* Release */,
			);
			defaultConfigurationIsVisible = 0;
			defaultConfigurationName = Release;
		};
/* End XCConfigurationList section */
	};
	rootObject = 6379BA39276B780300B38D30 /* Project object */;
}
